// !$*UTF8*$!
{
	archiveVersion = 1;
	classes = {
	};
	objectVersion = 55;
	objects = {

/* Begin PBXBuildFile section */
		2634DC8926D933B0001E8DE4 /* SOTApp.swift in Sources */ = {isa = PBXBuildFile; fileRef = 2634DC8826D933B0001E8DE4 /* SOTApp.swift */; };
		2634DC8D26D933B2001E8DE4 /* Assets.xcassets in Resources */ = {isa = PBXBuildFile; fileRef = 2634DC8C26D933B2001E8DE4 /* Assets.xcassets */; };
		2634DC9026D933B2001E8DE4 /* Preview Assets.xcassets in Resources */ = {isa = PBXBuildFile; fileRef = 2634DC8F26D933B2001E8DE4 /* Preview Assets.xcassets */; };
		2634DC9726D933EB001E8DE4 /* SOTManager.swift in Sources */ = {isa = PBXBuildFile; fileRef = 2634DC9626D933EB001E8DE4 /* SOTManager.swift */; };
		2634DC9926D93411001E8DE4 /* SOTView.swift in Sources */ = {isa = PBXBuildFile; fileRef = 2634DC9826D93411001E8DE4 /* SOTView.swift */; };
		2634DC9E26D934BE001E8DE4 /* Parent.swift in Sources */ = {isa = PBXBuildFile; fileRef = 2634DC9D26D934BE001E8DE4 /* Parent.swift */; };
		2634DCA026D934D0001E8DE4 /* ParentView.swift in Sources */ = {isa = PBXBuildFile; fileRef = 2634DC9F26D934D0001E8DE4 /* ParentView.swift */; };
		2634DCA426D934FD001E8DE4 /* Child.swift in Sources */ = {isa = PBXBuildFile; fileRef = 2634DCA326D934FD001E8DE4 /* Child.swift */; };
		2634DCA626D93510001E8DE4 /* ChildView.swift in Sources */ = {isa = PBXBuildFile; fileRef = 2634DCA526D93510001E8DE4 /* ChildView.swift */; };
		2634DCA826D93521001E8DE4 /* ChildEditView.swift in Sources */ = {isa = PBXBuildFile; fileRef = 2634DCA726D93521001E8DE4 /* ChildEditView.swift */; };
		2634DCAA26D935B3001E8DE4 /* ParentDataEditView.swift in Sources */ = {isa = PBXBuildFile; fileRef = 2634DCA926D935B3001E8DE4 /* ParentDataEditView.swift */; };
		2634DCAC26D93616001E8DE4 /* ChildDataEditView.swift in Sources */ = {isa = PBXBuildFile; fileRef = 2634DCAB26D93616001E8DE4 /* ChildDataEditView.swift */; };
		2634DCAF26D940FE001E8DE4 /* view+style.swift in Sources */ = {isa = PBXBuildFile; fileRef = 2634DCAE26D940FE001E8DE4 /* view+style.swift */; };
		2634DCB226DA182A001E8DE4 /* Toy.swift in Sources */ = {isa = PBXBuildFile; fileRef = 2634DCB126DA182A001E8DE4 /* Toy.swift */; };
		2634DCB426DA183D001E8DE4 /* ToyView.swift in Sources */ = {isa = PBXBuildFile; fileRef = 2634DCB326DA183D001E8DE4 /* ToyView.swift */; };
		2634DCB626DA184A001E8DE4 /* ToyEditView.swift in Sources */ = {isa = PBXBuildFile; fileRef = 2634DCB526DA184A001E8DE4 /* ToyEditView.swift */; };
		2634DCB826DA1858001E8DE4 /* ToyDataEditView.swift in Sources */ = {isa = PBXBuildFile; fileRef = 2634DCB726DA1858001E8DE4 /* ToyDataEditView.swift */; };
		2634DCBA26DA1D59001E8DE4 /* UUID+zero.swift in Sources */ = {isa = PBXBuildFile; fileRef = 2634DCB926DA1D59001E8DE4 /* UUID+zero.swift */; };
/* End PBXBuildFile section */

/* Begin PBXFileReference section */
		2634DC8526D933B0001E8DE4 /* SOT.app */ = {isa = PBXFileReference; explicitFileType = wrapper.application; includeInIndex = 0; path = SOT.app; sourceTree = BUILT_PRODUCTS_DIR; };
		2634DC8826D933B0001E8DE4 /* SOTApp.swift */ = {isa = PBXFileReference; lastKnownFileType = sourcecode.swift; path = SOTApp.swift; sourceTree = "<group>"; };
		2634DC8C26D933B2001E8DE4 /* Assets.xcassets */ = {isa = PBXFileReference; lastKnownFileType = folder.assetcatalog; path = Assets.xcassets; sourceTree = "<group>"; };
		2634DC8F26D933B2001E8DE4 /* Preview Assets.xcassets */ = {isa = PBXFileReference; lastKnownFileType = folder.assetcatalog; path = "Preview Assets.xcassets"; sourceTree = "<group>"; };
		2634DC9626D933EB001E8DE4 /* SOTManager.swift */ = {isa = PBXFileReference; lastKnownFileType = sourcecode.swift; path = SOTManager.swift; sourceTree = "<group>"; };
		2634DC9826D93411001E8DE4 /* SOTView.swift */ = {isa = PBXFileReference; lastKnownFileType = sourcecode.swift; path = SOTView.swift; sourceTree = "<group>"; };
		2634DC9D26D934BE001E8DE4 /* Parent.swift */ = {isa = PBXFileReference; lastKnownFileType = sourcecode.swift; path = Parent.swift; sourceTree = "<group>"; };
		2634DC9F26D934D0001E8DE4 /* ParentView.swift */ = {isa = PBXFileReference; lastKnownFileType = sourcecode.swift; path = ParentView.swift; sourceTree = "<group>"; };
		2634DCA326D934FD001E8DE4 /* Child.swift */ = {isa = PBXFileReference; lastKnownFileType = sourcecode.swift; path = Child.swift; sourceTree = "<group>"; };
		2634DCA526D93510001E8DE4 /* ChildView.swift */ = {isa = PBXFileReference; lastKnownFileType = sourcecode.swift; path = ChildView.swift; sourceTree = "<group>"; };
		2634DCA726D93521001E8DE4 /* ChildEditView.swift */ = {isa = PBXFileReference; lastKnownFileType = sourcecode.swift; path = ChildEditView.swift; sourceTree = "<group>"; };
		2634DCA926D935B3001E8DE4 /* ParentDataEditView.swift */ = {isa = PBXFileReference; lastKnownFileType = sourcecode.swift; path = ParentDataEditView.swift; sourceTree = "<group>"; };
		2634DCAB26D93616001E8DE4 /* ChildDataEditView.swift */ = {isa = PBXFileReference; lastKnownFileType = sourcecode.swift; path = ChildDataEditView.swift; sourceTree = "<group>"; };
		2634DCAE26D940FE001E8DE4 /* view+style.swift */ = {isa = PBXFileReference; lastKnownFileType = sourcecode.swift; path = "view+style.swift"; sourceTree = "<group>"; };
		2634DCB126DA182A001E8DE4 /* Toy.swift */ = {isa = PBXFileReference; lastKnownFileType = sourcecode.swift; path = Toy.swift; sourceTree = "<group>"; };
		2634DCB326DA183D001E8DE4 /* ToyView.swift */ = {isa = PBXFileReference; lastKnownFileType = sourcecode.swift; path = ToyView.swift; sourceTree = "<group>"; };
		2634DCB526DA184A001E8DE4 /* ToyEditView.swift */ = {isa = PBXFileReference; lastKnownFileType = sourcecode.swift; path = ToyEditView.swift; sourceTree = "<group>"; };
		2634DCB726DA1858001E8DE4 /* ToyDataEditView.swift */ = {isa = PBXFileReference; lastKnownFileType = sourcecode.swift; path = ToyDataEditView.swift; sourceTree = "<group>"; };
		2634DCB926DA1D59001E8DE4 /* UUID+zero.swift */ = {isa = PBXFileReference; lastKnownFileType = sourcecode.swift; path = "UUID+zero.swift"; sourceTree = "<group>"; };
/* End PBXFileReference section */

/* Begin PBXFrameworksBuildPhase section */
		2634DC8226D933B0001E8DE4 /* Frameworks */ = {
			isa = PBXFrameworksBuildPhase;
			buildActionMask = 2147483647;
			files = (
			);
			runOnlyForDeploymentPostprocessing = 0;
		};
/* End PBXFrameworksBuildPhase section */

/* Begin PBXGroup section */
		2634DC7C26D933B0001E8DE4 = {
			isa = PBXGroup;
			children = (
				2634DC8726D933B0001E8DE4 /* SOT */,
				2634DC8626D933B0001E8DE4 /* Products */,
			);
			sourceTree = "<group>";
		};
		2634DC8626D933B0001E8DE4 /* Products */ = {
			isa = PBXGroup;
			children = (
				2634DC8526D933B0001E8DE4 /* SOT.app */,
			);
			name = Products;
			sourceTree = "<group>";
		};
		2634DC8726D933B0001E8DE4 /* SOT */ = {
			isa = PBXGroup;
			children = (
				2634DC8826D933B0001E8DE4 /* SOTApp.swift */,
				2634DC9626D933EB001E8DE4 /* SOTManager.swift */,
				2634DC9826D93411001E8DE4 /* SOTView.swift */,
				2634DC9A26D93453001E8DE4 /* flow */,
				2634DCAD26D940C2001E8DE4 /* various */,
				2634DC8C26D933B2001E8DE4 /* Assets.xcassets */,
				2634DC8E26D933B2001E8DE4 /* Preview Content */,
			);
			path = SOT;
			sourceTree = "<group>";
		};
		2634DC8E26D933B2001E8DE4 /* Preview Content */ = {
			isa = PBXGroup;
			children = (
				2634DC8F26D933B2001E8DE4 /* Preview Assets.xcassets */,
			);
			path = "Preview Content";
			sourceTree = "<group>";
		};
		2634DC9A26D93453001E8DE4 /* flow */ = {
			isa = PBXGroup;
			children = (
				2634DC9B26D93485001E8DE4 /* parent */,
				2634DC9C26D93490001E8DE4 /* child */,
				2634DCB026DA1812001E8DE4 /* toy */,
			);
			path = flow;
			sourceTree = "<group>";
		};
		2634DC9B26D93485001E8DE4 /* parent */ = {
			isa = PBXGroup;
			children = (
				2634DC9D26D934BE001E8DE4 /* Parent.swift */,
				2634DC9F26D934D0001E8DE4 /* ParentView.swift */,
				2634DCA926D935B3001E8DE4 /* ParentDataEditView.swift */,
			);
			path = parent;
			sourceTree = "<group>";
		};
		2634DC9C26D93490001E8DE4 /* child */ = {
			isa = PBXGroup;
			children = (
				2634DCA326D934FD001E8DE4 /* Child.swift */,
				2634DCA526D93510001E8DE4 /* ChildView.swift */,
				2634DCA726D93521001E8DE4 /* ChildEditView.swift */,
				2634DCAB26D93616001E8DE4 /* ChildDataEditView.swift */,
			);
			path = child;
			sourceTree = "<group>";
		};
		2634DCAD26D940C2001E8DE4 /* various */ = {
			isa = PBXGroup;
			children = (
				2634DCAE26D940FE001E8DE4 /* view+style.swift */,
				2634DCB926DA1D59001E8DE4 /* UUID+zero.swift */,
			);
			path = various;
			sourceTree = "<group>";
		};
		2634DCB026DA1812001E8DE4 /* toy */ = {
			isa = PBXGroup;
			children = (
				2634DCB126DA182A001E8DE4 /* Toy.swift */,
				2634DCB326DA183D001E8DE4 /* ToyView.swift */,
				2634DCB526DA184A001E8DE4 /* ToyEditView.swift */,
				2634DCB726DA1858001E8DE4 /* ToyDataEditView.swift */,
			);
			path = toy;
			sourceTree = "<group>";
		};
/* End PBXGroup section */

/* Begin PBXNativeTarget section */
		2634DC8426D933B0001E8DE4 /* SOT */ = {
			isa = PBXNativeTarget;
			buildConfigurationList = 2634DC9326D933B2001E8DE4 /* Build configuration list for PBXNativeTarget "SOT" */;
			buildPhases = (
				2634DC8126D933B0001E8DE4 /* Sources */,
				2634DC8226D933B0001E8DE4 /* Frameworks */,
				2634DC8326D933B0001E8DE4 /* Resources */,
			);
			buildRules = (
			);
			dependencies = (
			);
			name = SOT;
			productName = SOT;
			productReference = 2634DC8526D933B0001E8DE4 /* SOT.app */;
			productType = "com.apple.product-type.application";
		};
/* End PBXNativeTarget section */

/* Begin PBXProject section */
		2634DC7D26D933B0001E8DE4 /* Project object */ = {
			isa = PBXProject;
			attributes = {
				BuildIndependentTargetsInParallel = 1;
				LastSwiftUpdateCheck = 1300;
				LastUpgradeCheck = 1300;
				TargetAttributes = {
					2634DC8426D933B0001E8DE4 = {
						CreatedOnToolsVersion = 13.0;
					};
				};
			};
			buildConfigurationList = 2634DC8026D933B0001E8DE4 /* Build configuration list for PBXProject "SOT" */;
			compatibilityVersion = "Xcode 13.0";
			developmentRegion = en;
			hasScannedForEncodings = 0;
			knownRegions = (
				en,
				Base,
			);
			mainGroup = 2634DC7C26D933B0001E8DE4;
			productRefGroup = 2634DC8626D933B0001E8DE4 /* Products */;
			projectDirPath = "";
			projectRoot = "";
			targets = (
				2634DC8426D933B0001E8DE4 /* SOT */,
			);
		};
/* End PBXProject section */

/* Begin PBXResourcesBuildPhase section */
		2634DC8326D933B0001E8DE4 /* Resources */ = {
			isa = PBXResourcesBuildPhase;
			buildActionMask = 2147483647;
			files = (
				2634DC9026D933B2001E8DE4 /* Preview Assets.xcassets in Resources */,
				2634DC8D26D933B2001E8DE4 /* Assets.xcassets in Resources */,
			);
			runOnlyForDeploymentPostprocessing = 0;
		};
/* End PBXResourcesBuildPhase section */

/* Begin PBXSourcesBuildPhase section */
		2634DC8126D933B0001E8DE4 /* Sources */ = {
			isa = PBXSourcesBuildPhase;
			buildActionMask = 2147483647;
			files = (
				2634DCB226DA182A001E8DE4 /* Toy.swift in Sources */,
				2634DCAA26D935B3001E8DE4 /* ParentDataEditView.swift in Sources */,
				2634DCA826D93521001E8DE4 /* ChildEditView.swift in Sources */,
				2634DCAC26D93616001E8DE4 /* ChildDataEditView.swift in Sources */,
				2634DCB826DA1858001E8DE4 /* ToyDataEditView.swift in Sources */,
				2634DC9726D933EB001E8DE4 /* SOTManager.swift in Sources */,
				2634DCB626DA184A001E8DE4 /* ToyEditView.swift in Sources */,
				2634DCA626D93510001E8DE4 /* ChildView.swift in Sources */,
				2634DC9E26D934BE001E8DE4 /* Parent.swift in Sources */,
				2634DCB426DA183D001E8DE4 /* ToyView.swift in Sources */,
				2634DCAF26D940FE001E8DE4 /* view+style.swift in Sources */,
				2634DC9926D93411001E8DE4 /* SOTView.swift in Sources */,
				2634DCBA26DA1D59001E8DE4 /* UUID+zero.swift in Sources */,
				2634DC8926D933B0001E8DE4 /* SOTApp.swift in Sources */,
				2634DCA426D934FD001E8DE4 /* Child.swift in Sources */,
				2634DCA026D934D0001E8DE4 /* ParentView.swift in Sources */,
			);
			runOnlyForDeploymentPostprocessing = 0;
		};
/* End PBXSourcesBuildPhase section */

/* Begin XCBuildConfiguration section */
		2634DC9126D933B2001E8DE4 /* Debug */ = {
			isa = XCBuildConfiguration;
			buildSettings = {
				ALWAYS_SEARCH_USER_PATHS = NO;
				CLANG_ANALYZER_NONNULL = YES;
				CLANG_ANALYZER_NUMBER_OBJECT_CONVERSION = YES_AGGRESSIVE;
				CLANG_CXX_LANGUAGE_STANDARD = "gnu++17";
				CLANG_CXX_LIBRARY = "libc++";
				CLANG_ENABLE_MODULES = YES;
				CLANG_ENABLE_OBJC_ARC = YES;
				CLANG_ENABLE_OBJC_WEAK = YES;
				CLANG_WARN_BLOCK_CAPTURE_AUTORELEASING = YES;
				CLANG_WARN_BOOL_CONVERSION = YES;
				CLANG_WARN_COMMA = YES;
				CLANG_WARN_CONSTANT_CONVERSION = YES;
				CLANG_WARN_DEPRECATED_OBJC_IMPLEMENTATIONS = YES;
				CLANG_WARN_DIRECT_OBJC_ISA_USAGE = YES_ERROR;
				CLANG_WARN_DOCUMENTATION_COMMENTS = YES;
				CLANG_WARN_EMPTY_BODY = YES;
				CLANG_WARN_ENUM_CONVERSION = YES;
				CLANG_WARN_INFINITE_RECURSION = YES;
				CLANG_WARN_INT_CONVERSION = YES;
				CLANG_WARN_NON_LITERAL_NULL_CONVERSION = YES;
				CLANG_WARN_OBJC_IMPLICIT_RETAIN_SELF = YES;
				CLANG_WARN_OBJC_LITERAL_CONVERSION = YES;
				CLANG_WARN_OBJC_ROOT_CLASS = YES_ERROR;
				CLANG_WARN_QUOTED_INCLUDE_IN_FRAMEWORK_HEADER = YES;
				CLANG_WARN_RANGE_LOOP_ANALYSIS = YES;
				CLANG_WARN_STRICT_PROTOTYPES = YES;
				CLANG_WARN_SUSPICIOUS_MOVE = YES;
				CLANG_WARN_UNGUARDED_AVAILABILITY = YES_AGGRESSIVE;
				CLANG_WARN_UNREACHABLE_CODE = YES;
				CLANG_WARN__DUPLICATE_METHOD_MATCH = YES;
				COPY_PHASE_STRIP = NO;
				DEBUG_INFORMATION_FORMAT = dwarf;
				ENABLE_STRICT_OBJC_MSGSEND = YES;
				ENABLE_TESTABILITY = YES;
				GCC_C_LANGUAGE_STANDARD = gnu11;
				GCC_DYNAMIC_NO_PIC = NO;
				GCC_NO_COMMON_BLOCKS = YES;
				GCC_OPTIMIZATION_LEVEL = 0;
				GCC_PREPROCESSOR_DEFINITIONS = (
					"DEBUG=1",
					"$(inherited)",
				);
				GCC_WARN_64_TO_32_BIT_CONVERSION = YES;
				GCC_WARN_ABOUT_RETURN_TYPE = YES_ERROR;
				GCC_WARN_UNDECLARED_SELECTOR = YES;
				GCC_WARN_UNINITIALIZED_AUTOS = YES_AGGRESSIVE;
				GCC_WARN_UNUSED_FUNCTION = YES;
				GCC_WARN_UNUSED_VARIABLE = YES;
				IPHONEOS_DEPLOYMENT_TARGET = 15.0;
				MTL_ENABLE_DEBUG_INFO = INCLUDE_SOURCE;
				MTL_FAST_MATH = YES;
				ONLY_ACTIVE_ARCH = YES;
				SDKROOT = iphoneos;
				SWIFT_ACTIVE_COMPILATION_CONDITIONS = DEBUG;
				SWIFT_OPTIMIZATION_LEVEL = "-Onone";
			};
			name = Debug;
		};
		2634DC9226D933B2001E8DE4 /* Release */ = {
			isa = XCBuildConfiguration;
			buildSettings = {
				ALWAYS_SEARCH_USER_PATHS = NO;
				CLANG_ANALYZER_NONNULL = YES;
				CLANG_ANALYZER_NUMBER_OBJECT_CONVERSION = YES_AGGRESSIVE;
				CLANG_CXX_LANGUAGE_STANDARD = "gnu++17";
				CLANG_CXX_LIBRARY = "libc++";
				CLANG_ENABLE_MODULES = YES;
				CLANG_ENABLE_OBJC_ARC = YES;
				CLANG_ENABLE_OBJC_WEAK = YES;
				CLANG_WARN_BLOCK_CAPTURE_AUTORELEASING = YES;
				CLANG_WARN_BOOL_CONVERSION = YES;
				CLANG_WARN_COMMA = YES;
				CLANG_WARN_CONSTANT_CONVERSION = YES;
				CLANG_WARN_DEPRECATED_OBJC_IMPLEMENTATIONS = YES;
				CLANG_WARN_DIRECT_OBJC_ISA_USAGE = YES_ERROR;
				CLANG_WARN_DOCUMENTATION_COMMENTS = YES;
				CLANG_WARN_EMPTY_BODY = YES;
				CLANG_WARN_ENUM_CONVERSION = YES;
				CLANG_WARN_INFINITE_RECURSION = YES;
				CLANG_WARN_INT_CONVERSION = YES;
				CLANG_WARN_NON_LITERAL_NULL_CONVERSION = YES;
				CLANG_WARN_OBJC_IMPLICIT_RETAIN_SELF = YES;
				CLANG_WARN_OBJC_LITERAL_CONVERSION = YES;
				CLANG_WARN_OBJC_ROOT_CLASS = YES_ERROR;
				CLANG_WARN_QUOTED_INCLUDE_IN_FRAMEWORK_HEADER = YES;
				CLANG_WARN_RANGE_LOOP_ANALYSIS = YES;
				CLANG_WARN_STRICT_PROTOTYPES = YES;
				CLANG_WARN_SUSPICIOUS_MOVE = YES;
				CLANG_WARN_UNGUARDED_AVAILABILITY = YES_AGGRESSIVE;
				CLANG_WARN_UNREACHABLE_CODE = YES;
				CLANG_WARN__DUPLICATE_METHOD_MATCH = YES;
				COPY_PHASE_STRIP = NO;
				DEBUG_INFORMATION_FORMAT = "dwarf-with-dsym";
				ENABLE_NS_ASSERTIONS = NO;
				ENABLE_STRICT_OBJC_MSGSEND = YES;
				GCC_C_LANGUAGE_STANDARD = gnu11;
				GCC_NO_COMMON_BLOCKS = YES;
				GCC_WARN_64_TO_32_BIT_CONVERSION = YES;
				GCC_WARN_ABOUT_RETURN_TYPE = YES_ERROR;
				GCC_WARN_UNDECLARED_SELECTOR = YES;
				GCC_WARN_UNINITIALIZED_AUTOS = YES_AGGRESSIVE;
				GCC_WARN_UNUSED_FUNCTION = YES;
				GCC_WARN_UNUSED_VARIABLE = YES;
				IPHONEOS_DEPLOYMENT_TARGET = 15.0;
				MTL_ENABLE_DEBUG_INFO = NO;
				MTL_FAST_MATH = YES;
				SDKROOT = iphoneos;
				SWIFT_COMPILATION_MODE = wholemodule;
				SWIFT_OPTIMIZATION_LEVEL = "-O";
				VALIDATE_PRODUCT = YES;
			};
			name = Release;
		};
		2634DC9426D933B2001E8DE4 /* Debug */ = {
			isa = XCBuildConfiguration;
			buildSettings = {
				ASSETCATALOG_COMPILER_APPICON_NAME = AppIcon;
				ASSETCATALOG_COMPILER_GLOBAL_ACCENT_COLOR_NAME = AccentColor;
				CODE_SIGN_STYLE = Automatic;
				CURRENT_PROJECT_VERSION = 1;
				DEVELOPMENT_ASSET_PATHS = "\"SOT/Preview Content\"";
				DEVELOPMENT_TEAM = 7E75BZ6UXG;
				ENABLE_PREVIEWS = YES;
				GENERATE_INFOPLIST_FILE = YES;
				INFOPLIST_KEY_UIApplicationSceneManifest_Generation = YES;
				INFOPLIST_KEY_UIApplicationSupportsIndirectInputEvents = YES;
				INFOPLIST_KEY_UILaunchScreen_Generation = YES;
				INFOPLIST_KEY_UISupportedInterfaceOrientations_iPad = "UIInterfaceOrientationPortrait UIInterfaceOrientationPortraitUpsideDown UIInterfaceOrientationLandscapeLeft UIInterfaceOrientationLandscapeRight";
				INFOPLIST_KEY_UISupportedInterfaceOrientations_iPhone = "UIInterfaceOrientationPortrait UIInterfaceOrientationLandscapeLeft UIInterfaceOrientationLandscapeRight";
				IPHONEOS_DEPLOYMENT_TARGET = 15.0;
				LD_RUNPATH_SEARCH_PATHS = (
					"$(inherited)",
					"@executable_path/Frameworks",
				);
				MARKETING_VERSION = 1.0;
				PRODUCT_BUNDLE_IDENTIFIER = Yes.SOT;
				PRODUCT_NAME = "$(TARGET_NAME)";
				SWIFT_EMIT_LOC_STRINGS = YES;
				SWIFT_VERSION = 5.0;
				TARGETED_DEVICE_FAMILY = "1,2";
			};
			name = Debug;
		};
		2634DC9526D933B2001E8DE4 /* Release */ = {
			isa = XCBuildConfiguration;
			buildSettings = {
				ASSETCATALOG_COMPILER_APPICON_NAME = AppIcon;
				ASSETCATALOG_COMPILER_GLOBAL_ACCENT_COLOR_NAME = AccentColor;
				CODE_SIGN_STYLE = Automatic;
				CURRENT_PROJECT_VERSION = 1;
				DEVELOPMENT_ASSET_PATHS = "\"SOT/Preview Content\"";
				DEVELOPMENT_TEAM = 7E75BZ6UXG;
				ENABLE_PREVIEWS = YES;
				GENERATE_INFOPLIST_FILE = YES;
				INFOPLIST_KEY_UIApplicationSceneManifest_Generation = YES;
				INFOPLIST_KEY_UIApplicationSupportsIndirectInputEvents = YES;
				INFOPLIST_KEY_UILaunchScreen_Generation = YES;
				INFOPLIST_KEY_UISupportedInterfaceOrientations_iPad = "UIInterfaceOrientationPortrait UIInterfaceOrientationPortraitUpsideDown UIInterfaceOrientationLandscapeLeft UIInterfaceOrientationLandscapeRight";
				INFOPLIST_KEY_UISupportedInterfaceOrientations_iPhone = "UIInterfaceOrientationPortrait UIInterfaceOrientationLandscapeLeft UIInterfaceOrientationLandscapeRight";
				IPHONEOS_DEPLOYMENT_TARGET = 15.0;
				LD_RUNPATH_SEARCH_PATHS = (
					"$(inherited)",
					"@executable_path/Frameworks",
				);
				MARKETING_VERSION = 1.0;
				PRODUCT_BUNDLE_IDENTIFIER = Yes.SOT;
				PRODUCT_NAME = "$(TARGET_NAME)";
				SWIFT_EMIT_LOC_STRINGS = YES;
				SWIFT_VERSION = 5.0;
				TARGETED_DEVICE_FAMILY = "1,2";
			};
			name = Release;
		};
/* End XCBuildConfiguration section */

/* Begin XCConfigurationList section */
		2634DC8026D933B0001E8DE4 /* Build configuration list for PBXProject "SOT" */ = {
			isa = XCConfigurationList;
			buildConfigurations = (
				2634DC9126D933B2001E8DE4 /* Debug */,
				2634DC9226D933B2001E8DE4 /* Release */,
			);
			defaultConfigurationIsVisible = 0;
			defaultConfigurationName = Release;
		};
		2634DC9326D933B2001E8DE4 /* Build configuration list for PBXNativeTarget "SOT" */ = {
			isa = XCConfigurationList;
			buildConfigurations = (
				2634DC9426D933B2001E8DE4 /* Debug */,
				2634DC9526D933B2001E8DE4 /* Release */,
			);
			defaultConfigurationIsVisible = 0;
			defaultConfigurationName = Release;
		};
/* End XCConfigurationList section */
	};
	rootObject = 2634DC7D26D933B0001E8DE4 /* Project object */;
}
